
Microsoft Visual Studio Solution File, Format Version 12.00
# Visual Studio Version 16
VisualStudioVersion = 16.0.30517.126
MinimumVisualStudioVersion = 10.0.40219.1
Project("{FAE04EC0-301F-11D3-BF4B-00C04F79EFBC}") = "TDSalon.Web", "TDSalon.Web\TDSalon.Web.csproj", "{C6853622-5B08-438C-8762-0AF01BBAAC26}"
EndProject
Project("{FAE04EC0-301F-11D3-BF4B-00C04F79EFBC}") = "TDSalon.Data", "TDSalon.Data\TDSalon.Data.csproj", "{8FB4B621-7BF0-4BC9-A2A9-48E3DBDBB7A1}"
EndProject
Global
	GlobalSection(SolutionConfigurationPlatforms) = preSolution
		Debug|Any CPU = Debug|Any CPU
		Release|Any CPU = Release|Any CPU
	EndGlobalSection
	GlobalSection(ProjectConfigurationPlatforms) = postSolution
		{C6853622-5B08-438C-8762-0AF01BBAAC26}.Debug|Any CPU.ActiveCfg = Debug|Any CPU
		{C6853622-5B08-438C-8762-0AF01BBAAC26}.Debug|Any CPU.Build.0 = Debug|Any CPU
		{C6853622-5B08-438C-8762-0AF01BBAAC26}.Release|Any CPU.ActiveCfg = Release|Any CPU
		{C6853622-5B08-438C-8762-0AF01BBAAC26}.Release|Any CPU.Build.0 = Release|Any CPU
		{8FB4B621-7BF0-4BC9-A2A9-48E3DBDBB7A1}.Debug|Any CPU.ActiveCfg = Debug|Any CPU
		{8FB4B621-7BF0-4BC9-A2A9-48E3DBDBB7A1}.Debug|Any CPU.Build.0 = Debug|Any CPU
		{8FB4B621-7BF0-4BC9-A2A9-48E3DBDBB7A1}.Release|Any CPU.ActiveCfg = Release|Any CPU
		{8FB4B621-7BF0-4BC9-A2A9-48E3DBDBB7A1}.Release|Any CPU.Build.0 = Release|Any CPU
	EndGlobalSection
	GlobalSection(SolutionProperties) = preSolution
		HideSolutionNode = FALSE
	EndGlobalSection
	GlobalSection(ExtensibilityGlobals) = postSolution
		SolutionGuid = {D4FA9983-16B5-4220-9EFF-E53D674E047B}
	EndGlobalSection
EndGlobal
